
Microsoft Visual Studio Solution File, Format Version 12.00
# Visual Studio Version 17
VisualStudioVersion = 17.2.32630.192
MinimumVisualStudioVersion = 10.0.40219.1
Project("{FAE04EC0-301F-11D3-BF4B-00C04F79EFBC}") = "Zapper", "Zapper.csproj", "{B89E195C-8BF7-4CD3-8140-5BFFA8733C3D}"
EndProject
Global
	GlobalSection(SolutionConfigurationPlatforms) = preSolution
		Debug|Any CPU = Debug|Any CPU
		Release|Any CPU = Release|Any CPU
	EndGlobalSection
	GlobalSection(ProjectConfigurationPlatforms) = postSolution
		{B89E195C-8BF7-4CD3-8140-5BFFA8733C3D}.Debug|Any CPU.ActiveCfg = Debug|Any CPU
		{B89E195C-8BF7-4CD3-8140-5BFFA8733C3D}.Debug|Any CPU.Build.0 = Debug|Any CPU
		{B89E195C-8BF7-4CD3-8140-5BFFA8733C3D}.Release|Any CPU.ActiveCfg = Release|Any CPU
		{B89E195C-8BF7-4CD3-8140-5BFFA8733C3D}.Release|Any CPU.Build.0 = Release|Any CPU
	EndGlobalSection
	GlobalSection(SolutionProperties) = preSolution
		HideSolutionNode = FALSE
	EndGlobalSection
	GlobalSection(ExtensibilityGlobals) = postSolution
		SolutionGuid = {CE232BF1-4F1C-4382-B660-6352DC9D17C9}
	EndGlobalSection
EndGlobal
